
Microsoft Visual Studio Solution File, Format Version 12.00
# Visual Studio Version 17
VisualStudioVersion = 17.4.33122.133
MinimumVisualStudioVersion = 10.0.40219.1
Project("{9A19103F-16F7-4668-BE54-9A1E7A4F7556}") = "Persistence", "Persistance\Persistence.csproj", "{DD900212-2545-4474-B9AF-97553F09E379}"
EndProject
Project("{9A19103F-16F7-4668-BE54-9A1E7A4F7556}") = "Parser", "Parser\Parser.csproj", "{20693268-BEDA-42B3-A1A5-20ECBBA76AB1}"
EndProject
Project("{9A19103F-16F7-4668-BE54-9A1E7A4F7556}") = "App", "App\App.csproj", "{FEE8AAA8-2A0A-4A05-B9C4-090F775D032B}"
EndProject
Project("{9A19103F-16F7-4668-BE54-9A1E7A4F7556}") = "Networking", "Networking\Networking.csproj", "{C9037DFE-691A-4AA5-9F97-B7994D6A0075}"
EndProject
Global
	GlobalSection(SolutionConfigurationPlatforms) = preSolution
		Debug|Any CPU = Debug|Any CPU
		Release|Any CPU = Release|Any CPU
	EndGlobalSection
	GlobalSection(ProjectConfigurationPlatforms) = postSolution
		{DD900212-2545-4474-B9AF-97553F09E379}.Debug|Any CPU.ActiveCfg = Debug|Any CPU
		{DD900212-2545-4474-B9AF-97553F09E379}.Debug|Any CPU.Build.0 = Debug|Any CPU
		{DD900212-2545-4474-B9AF-97553F09E379}.Release|Any CPU.ActiveCfg = Release|Any CPU
		{DD900212-2545-4474-B9AF-97553F09E379}.Release|Any CPU.Build.0 = Release|Any CPU
		{20693268-BEDA-42B3-A1A5-20ECBBA76AB1}.Debug|Any CPU.ActiveCfg = Debug|Any CPU
		{20693268-BEDA-42B3-A1A5-20ECBBA76AB1}.Debug|Any CPU.Build.0 = Debug|Any CPU
		{20693268-BEDA-42B3-A1A5-20ECBBA76AB1}.Release|Any CPU.ActiveCfg = Release|Any CPU
		{20693268-BEDA-42B3-A1A5-20ECBBA76AB1}.Release|Any CPU.Build.0 = Release|Any CPU
		{FEE8AAA8-2A0A-4A05-B9C4-090F775D032B}.Debug|Any CPU.ActiveCfg = Debug|Any CPU
		{FEE8AAA8-2A0A-4A05-B9C4-090F775D032B}.Debug|Any CPU.Build.0 = Debug|Any CPU
		{FEE8AAA8-2A0A-4A05-B9C4-090F775D032B}.Release|Any CPU.ActiveCfg = Release|Any CPU
		{FEE8AAA8-2A0A-4A05-B9C4-090F775D032B}.Release|Any CPU.Build.0 = Release|Any CPU
		{C9037DFE-691A-4AA5-9F97-B7994D6A0075}.Debug|Any CPU.ActiveCfg = Debug|Any CPU
		{C9037DFE-691A-4AA5-9F97-B7994D6A0075}.Debug|Any CPU.Build.0 = Debug|Any CPU
		{C9037DFE-691A-4AA5-9F97-B7994D6A0075}.Release|Any CPU.ActiveCfg = Release|Any CPU
		{C9037DFE-691A-4AA5-9F97-B7994D6A0075}.Release|Any CPU.Build.0 = Release|Any CPU
	EndGlobalSection
	GlobalSection(SolutionProperties) = preSolution
		HideSolutionNode = FALSE
	EndGlobalSection
	GlobalSection(ExtensibilityGlobals) = postSolution
		SolutionGuid = {001B7EB5-179E-4D1A-AA22-4AED0761EF41}
	EndGlobalSection
EndGlobal
